
Microsoft Visual Studio Solution File, Format Version 12.00
# Visual Studio Version 17
VisualStudioVersion = 17.2.32602.215
MinimumVisualStudioVersion = 10.0.40219.1
Project("{8BC9CEB8-8B4A-11D0-8D11-00A0C91BC942}") = "Asteroids", "Asteroids\Asteroids.vcxproj", "{948A6073-ADB2-4B1E-9935-22A3AE901FFF}"
EndProject
Global
	GlobalSection(SolutionConfigurationPlatforms) = preSolution
		Debug|x64 = Debug|x64
		Debug|x86 = Debug|x86
		Release|x64 = Release|x64
		Release|x86 = Release|x86
	EndGlobalSection
	GlobalSection(ProjectConfigurationPlatforms) = postSolution
		{948A6073-ADB2-4B1E-9935-22A3AE901FFF}.Debug|x64.ActiveCfg = Debug|x64
		{948A6073-ADB2-4B1E-9935-22A3AE901FFF}.Debug|x64.Build.0 = Debug|x64
		{948A6073-ADB2-4B1E-9935-22A3AE901FFF}.Debug|x86.ActiveCfg = Debug|Win32
		{948A6073-ADB2-4B1E-9935-22A3AE901FFF}.Debug|x86.Build.0 = Debug|Win32
		{948A6073-ADB2-4B1E-9935-22A3AE901FFF}.Release|x64.ActiveCfg = Release|x64
		{948A6073-ADB2-4B1E-9935-22A3AE901FFF}.Release|x64.Build.0 = Release|x64
		{948A6073-ADB2-4B1E-9935-22A3AE901FFF}.Release|x86.ActiveCfg = Release|Win32
		{948A6073-ADB2-4B1E-9935-22A3AE901FFF}.Release|x86.Build.0 = Release|Win32
	EndGlobalSection
	GlobalSection(SolutionProperties) = preSolution
		HideSolutionNode = FALSE
	EndGlobalSection
	GlobalSection(ExtensibilityGlobals) = postSolution
		SolutionGuid = {34FF199D-F1E1-4174-820E-5AECC7DAA9F8}
	EndGlobalSection
EndGlobal
